# THIS IS AN AUTOGENERATED FILE. DO NOT EDIT THIS FILE DIRECTLY.
# yarn lockfile v1


"@fontsource/inter@^5.2.6":
  version "5.2.6"
  resolved "https://registry.yarnpkg.com/@fontsource/inter/-/inter-5.2.6.tgz#2c705ea57d7af283a05bb1ca59fb0f06fc5de3be"
  integrity sha512-CZs9S1CrjD0jPwsNy9W6j0BhsmRSQrgwlTNkgQXTsAeDRM42LBRLo3eo9gCzfH4GvV7zpyf78Ozfl773826csw==
